
Microsoft Visual Studio Solution File, Format Version 12.00
# Visual Studio 15
VisualStudioVersion = 15.0.28307.645
MinimumVisualStudioVersion = 10.0.40219.1
Project("{FAE04EC0-301F-11D3-BF4B-00C04F79EFBC}") = "05A1Fliesskommarechnungen", "05A1Fliesskommarechnungen\05A1Fliesskommarechnungen.csproj", "{B760EDF9-4480-44FF-B719-0FEBB7B17FA5}"
EndProject
Global
	GlobalSection(SolutionConfigurationPlatforms) = preSolution
		Debug|Any CPU = Debug|Any CPU
		Release|Any CPU = Release|Any CPU
	EndGlobalSection
	GlobalSection(ProjectConfigurationPlatforms) = postSolution
		{B760EDF9-4480-44FF-B719-0FEBB7B17FA5}.Debug|Any CPU.ActiveCfg = Debug|Any CPU
		{B760EDF9-4480-44FF-B719-0FEBB7B17FA5}.Debug|Any CPU.Build.0 = Debug|Any CPU
		{B760EDF9-4480-44FF-B719-0FEBB7B17FA5}.Release|Any CPU.ActiveCfg = Release|Any CPU
		{B760EDF9-4480-44FF-B719-0FEBB7B17FA5}.Release|Any CPU.Build.0 = Release|Any CPU
	EndGlobalSection
	GlobalSection(SolutionProperties) = preSolution
		HideSolutionNode = FALSE
	EndGlobalSection
	GlobalSection(ExtensibilityGlobals) = postSolution
		SolutionGuid = {96E03806-B50E-42D6-9097-35BA8B8357D2}
	EndGlobalSection
EndGlobal
